
Microsoft Visual Studio Solution File, Format Version 12.00
# Visual Studio 15
VisualStudioVersion = 15.0.27703.2035
MinimumVisualStudioVersion = 10.0.40219.1
Project("{888888A0-9F3D-457C-B088-3A5042F75D52}") = "PythonClassifierApplication1", "PythonClassifierApplication1.pyproj", "{C88D3258-91ED-4AFF-997C-7724C802A7B0}"
EndProject
Global
	GlobalSection(SolutionConfigurationPlatforms) = preSolution
		Debug|Any CPU = Debug|Any CPU
		Release|Any CPU = Release|Any CPU
	EndGlobalSection
	GlobalSection(ProjectConfigurationPlatforms) = postSolution
		{C88D3258-91ED-4AFF-997C-7724C802A7B0}.Debug|Any CPU.ActiveCfg = Debug|Any CPU
		{C88D3258-91ED-4AFF-997C-7724C802A7B0}.Release|Any CPU.ActiveCfg = Release|Any CPU
	EndGlobalSection
	GlobalSection(SolutionProperties) = preSolution
		HideSolutionNode = FALSE
	EndGlobalSection
	GlobalSection(ExtensibilityGlobals) = postSolution
		SolutionGuid = {F6F1C884-F6F1-43D0-AB75-7476511324AE}
	EndGlobalSection
EndGlobal
